
Microsoft Visual Studio Solution File, Format Version 12.00
# Visual Studio Version 17
VisualStudioVersion = 17.7.34221.43
MinimumVisualStudioVersion = 10.0.40219.1
Project("{FAE04EC0-301F-11D3-BF4B-00C04F79EFBC}") = "TICKETMANAGEMENT", "TICKETMANAGEMENT.csproj", "{74D79DB4-4E98-4EA5-8842-31378B2BBC6F}"
EndProject
Global
	GlobalSection(SolutionConfigurationPlatforms) = preSolution
		Debug|Any CPU = Debug|Any CPU
		Release|Any CPU = Release|Any CPU
	EndGlobalSection
	GlobalSection(ProjectConfigurationPlatforms) = postSolution
		{74D79DB4-4E98-4EA5-8842-31378B2BBC6F}.Debug|Any CPU.ActiveCfg = Debug|Any CPU
		{74D79DB4-4E98-4EA5-8842-31378B2BBC6F}.Debug|Any CPU.Build.0 = Debug|Any CPU
		{74D79DB4-4E98-4EA5-8842-31378B2BBC6F}.Release|Any CPU.ActiveCfg = Release|Any CPU
		{74D79DB4-4E98-4EA5-8842-31378B2BBC6F}.Release|Any CPU.Build.0 = Release|Any CPU
	EndGlobalSection
	GlobalSection(SolutionProperties) = preSolution
		HideSolutionNode = FALSE
	EndGlobalSection
	GlobalSection(ExtensibilityGlobals) = postSolution
		SolutionGuid = {3968A822-A9F5-4591-B556-BFC9D7F7609E}
	EndGlobalSection
EndGlobal
